
Microsoft Visual Studio Solution File, Format Version 12.00
# Visual Studio Version 17
VisualStudioVersion = 17.9.34728.123
MinimumVisualStudioVersion = 10.0.40219.1
Project("{8BC9CEB8-8B4A-11D0-8D11-00A0C91BC942}") = "coursework", "coursework.vcxproj", "{34A709AD-913C-4702-8656-7BE626DB368D}"
EndProject
Global
	GlobalSection(SolutionConfigurationPlatforms) = preSolution
		Debug|x64 = Debug|x64
		Debug|x86 = Debug|x86
		Release|x64 = Release|x64
		Release|x86 = Release|x86
	EndGlobalSection
	GlobalSection(ProjectConfigurationPlatforms) = postSolution
		{34A709AD-913C-4702-8656-7BE626DB368D}.Debug|x64.ActiveCfg = Debug|x64
		{34A709AD-913C-4702-8656-7BE626DB368D}.Debug|x64.Build.0 = Debug|x64
		{34A709AD-913C-4702-8656-7BE626DB368D}.Debug|x86.ActiveCfg = Debug|Win32
		{34A709AD-913C-4702-8656-7BE626DB368D}.Debug|x86.Build.0 = Debug|Win32
		{34A709AD-913C-4702-8656-7BE626DB368D}.Release|x64.ActiveCfg = Release|x64
		{34A709AD-913C-4702-8656-7BE626DB368D}.Release|x64.Build.0 = Release|x64
		{34A709AD-913C-4702-8656-7BE626DB368D}.Release|x86.ActiveCfg = Release|Win32
		{34A709AD-913C-4702-8656-7BE626DB368D}.Release|x86.Build.0 = Release|Win32
	EndGlobalSection
	GlobalSection(SolutionProperties) = preSolution
		HideSolutionNode = FALSE
	EndGlobalSection
	GlobalSection(ExtensibilityGlobals) = postSolution
		SolutionGuid = {8509A885-0D6C-40F4-8D60-A0B2A6F06CD5}
	EndGlobalSection
EndGlobal
